
Microsoft Visual Studio Solution File, Format Version 12.00
# Visual Studio 2012
Project("{FAE04EC0-301F-11D3-BF4B-00C04F79EFBC}") = "HackRiddle_App", "HackRiddle_App\HackRiddle_App.csproj", "{79DD44A2-75A9-46DC-970A-0A67B243D4CC}"
EndProject
Project("{FAE04EC0-301F-11D3-BF4B-00C04F79EFBC}") = "HackRiddle_App.Tests", "HackRiddle_App.Tests\HackRiddle_App.Tests.csproj", "{69F624E5-DD74-4722-A996-F38AC6CC0528}"
EndProject
Global
	GlobalSection(SolutionConfigurationPlatforms) = preSolution
		Debug|Any CPU = Debug|Any CPU
		Release|Any CPU = Release|Any CPU
	EndGlobalSection
	GlobalSection(ProjectConfigurationPlatforms) = postSolution
		{79DD44A2-75A9-46DC-970A-0A67B243D4CC}.Debug|Any CPU.ActiveCfg = Debug|Any CPU
		{79DD44A2-75A9-46DC-970A-0A67B243D4CC}.Debug|Any CPU.Build.0 = Debug|Any CPU
		{79DD44A2-75A9-46DC-970A-0A67B243D4CC}.Release|Any CPU.ActiveCfg = Release|Any CPU
		{79DD44A2-75A9-46DC-970A-0A67B243D4CC}.Release|Any CPU.Build.0 = Release|Any CPU
		{69F624E5-DD74-4722-A996-F38AC6CC0528}.Debug|Any CPU.ActiveCfg = Debug|Any CPU
		{69F624E5-DD74-4722-A996-F38AC6CC0528}.Debug|Any CPU.Build.0 = Debug|Any CPU
		{69F624E5-DD74-4722-A996-F38AC6CC0528}.Release|Any CPU.ActiveCfg = Release|Any CPU
		{69F624E5-DD74-4722-A996-F38AC6CC0528}.Release|Any CPU.Build.0 = Release|Any CPU
	EndGlobalSection
EndGlobal
